// !$*UTF8*$!
{
	archiveVersion = 1;
	classes = {
	};
	objectVersion = 46;
	objects = {

/* Begin PBXBuildFile section */
		1D3623260D0F684500981E51 /* TestShinyCocosAppDelegate.m in Sources */ = {isa = PBXBuildFile; fileRef = 1D3623250D0F684500981E51 /* TestShinyCocosAppDelegate.m */; };
		1D60589B0D05DD56006BFB54 /* main.m in Sources */ = {isa = PBXBuildFile; fileRef = 29B97316FDCFA39411CA2CEA /* main.m */; };
		79A047EF14F58575002D602D /* libz.1.2.5.dylib in Frameworks */ = {isa = PBXBuildFile; fileRef = 79A047EE14F58575002D602D /* libz.1.2.5.dylib */; };
		79A047F014F58582002D602D /* libShinyCocos.a in Frameworks */ = {isa = PBXBuildFile; fileRef = A9A056A10F9E9AAD00C85842 /* libShinyCocos.a */; };
		A9066C930FBB18830020ABC5 /* CoreGraphics.framework in Frameworks */ = {isa = PBXBuildFile; fileRef = A9066C8E0FBB18830020ABC5 /* CoreGraphics.framework */; };
		A9066C940FBB18830020ABC5 /* Foundation.framework in Frameworks */ = {isa = PBXBuildFile; fileRef = A9066C8F0FBB18830020ABC5 /* Foundation.framework */; };
		A9066C950FBB18830020ABC5 /* OpenGLES.framework in Frameworks */ = {isa = PBXBuildFile; fileRef = A9066C900FBB18830020ABC5 /* OpenGLES.framework */; };
		A9066C960FBB18830020ABC5 /* QuartzCore.framework in Frameworks */ = {isa = PBXBuildFile; fileRef = A9066C910FBB18830020ABC5 /* QuartzCore.framework */; };
		A9066C970FBB18830020ABC5 /* UIKit.framework in Frameworks */ = {isa = PBXBuildFile; fileRef = A9066C920FBB18830020ABC5 /* UIKit.framework */; };
		A9066D910FBB55610020ABC5 /* lib in Resources */ = {isa = PBXBuildFile; fileRef = A9066D210FBB55610020ABC5 /* lib */; };
		A90689CE10069CA600CB0B28 /* AVFoundation.framework in Frameworks */ = {isa = PBXBuildFile; fileRef = A90689CD10069CA600CB0B28 /* AVFoundation.framework */; };
		A93610460FE8022500BD9029 /* black_box.png in Resources */ = {isa = PBXBuildFile; fileRef = A93610430FE8022500BD9029 /* black_box.png */; };
		A93610470FE8022500BD9029 /* brown_box.png in Resources */ = {isa = PBXBuildFile; fileRef = A93610440FE8022500BD9029 /* brown_box.png */; };
		A93610480FE8022500BD9029 /* wheel.png in Resources */ = {isa = PBXBuildFile; fileRef = A93610450FE8022500BD9029 /* wheel.png */; };
		A93611B20FE96A5B00BD9029 /* tube.png in Resources */ = {isa = PBXBuildFile; fileRef = A93611B10FE96A5B00BD9029 /* tube.png */; };
		A93D7EA10FBE0BF300731024 /* vendor in Resources */ = {isa = PBXBuildFile; fileRef = A93D7E9B0FBE0BF300731024 /* vendor */; };
		A93E59AB1038E509005FAD9B /* SystemConfiguration.framework in Frameworks */ = {isa = PBXBuildFile; fileRef = A93E59AA1038E509005FAD9B /* SystemConfiguration.framework */; };
		A98CD4A70FB4BBA90017E521 /* AccelerometerSimulation.m in Sources */ = {isa = PBXBuildFile; fileRef = A98CD4A60FB4BBA90017E521 /* AccelerometerSimulation.m */; };
		A9C0363E0FCCAC5A00D447B4 /* simple_map.tmx in Resources */ = {isa = PBXBuildFile; fileRef = A9C0363C0FCCAC5A00D447B4 /* simple_map.tmx */; };
		A9C0363F0FCCAC5A00D447B4 /* TestTiled.tmx in Resources */ = {isa = PBXBuildFile; fileRef = A9C0363D0FCCAC5A00D447B4 /* TestTiled.tmx */; };
		A9C0364B0FCCAC6C00D447B4 /* b1.png in Resources */ = {isa = PBXBuildFile; fileRef = A9C036400FCCAC6C00D447B4 /* b1.png */; };
		A9C0364C0FCCAC6C00D447B4 /* b2.png in Resources */ = {isa = PBXBuildFile; fileRef = A9C036410FCCAC6C00D447B4 /* b2.png */; };
		A9C0364D0FCCAC6C00D447B4 /* f1.png in Resources */ = {isa = PBXBuildFile; fileRef = A9C036420FCCAC6C00D447B4 /* f1.png */; };
		A9C0364E0FCCAC6C00D447B4 /* f2.png in Resources */ = {isa = PBXBuildFile; fileRef = A9C036430FCCAC6C00D447B4 /* f2.png */; };
		A9C0364F0FCCAC6C00D447B4 /* fps_images.png in Resources */ = {isa = PBXBuildFile; fileRef = A9C036440FCCAC6C00D447B4 /* fps_images.png */; };
		A9C036500FCCAC6C00D447B4 /* grossini_dance_atlas.pvr in Resources */ = {isa = PBXBuildFile; fileRef = A9C036450FCCAC6C00D447B4 /* grossini_dance_atlas.pvr */; };
		A9C036510FCCAC6C00D447B4 /* Physics_Layer_16x16.png in Resources */ = {isa = PBXBuildFile; fileRef = A9C036460FCCAC6C00D447B4 /* Physics_Layer_16x16.png */; };
		A9C036520FCCAC6C00D447B4 /* r1.png in Resources */ = {isa = PBXBuildFile; fileRef = A9C036470FCCAC6C00D447B4 /* r1.png */; };
		A9C036530FCCAC6C00D447B4 /* r2.png in Resources */ = {isa = PBXBuildFile; fileRef = A9C036480FCCAC6C00D447B4 /* r2.png */; };
		A9C036550FCCAC6C00D447B4 /* tiles.png in Resources */ = {isa = PBXBuildFile; fileRef = A9C0364A0FCCAC6C00D447B4 /* tiles.png */; };
		A9C037270FCCBBDA00D447B4 /* ball.png in Resources */ = {isa = PBXBuildFile; fileRef = A9C037260FCCBBDA00D447B4 /* ball.png */; };
		A9E53E960F9F6BB9001DC55F /* Entitlements.plist in Resources */ = {isa = PBXBuildFile; fileRef = A9E53E950F9F6BB9001DC55F /* Entitlements.plist */; };
/* End PBXBuildFile section */

/* Begin PBXContainerItemProxy section */
		A9A056A00F9E9AAD00C85842 /* PBXContainerItemProxy */ = {
			isa = PBXContainerItemProxy;
			containerPortal = A9A056990F9E9AAD00C85842 /* ShinyCocos.xcodeproj */;
			proxyType = 2;
			remoteGlobalIDString = D2AAC046055464E500DB518D;
			remoteInfo = ShinyCocos;
		};
		A9A057320F9E9B3700C85842 /* PBXContainerItemProxy */ = {
			isa = PBXContainerItemProxy;
			containerPortal = A9A056990F9E9AAD00C85842 /* ShinyCocos.xcodeproj */;
			proxyType = 1;
			remoteGlobalIDString = D2AAC07D0554694100DB518D;
			remoteInfo = ShinyCocos;
		};
/* End PBXContainerItemProxy section */

/* Begin PBXFileReference section */
		1D3623240D0F684500981E51 /* TestShinyCocosAppDelegate.h */ = {isa = PBXFileReference; fileEncoding = 4; lastKnownFileType = sourcecode.c.h; path = TestShinyCocosAppDelegate.h; sourceTree = "<group>"; };
		1D3623250D0F684500981E51 /* TestShinyCocosAppDelegate.m */ = {isa = PBXFileReference; fileEncoding = 4; lastKnownFileType = sourcecode.c.objc; path = TestShinyCocosAppDelegate.m; sourceTree = "<group>"; };
		1D6058910D05DD3D006BFB54 /* TestShinyCocos.app */ = {isa = PBXFileReference; explicitFileType = wrapper.application; includeInIndex = 0; path = TestShinyCocos.app; sourceTree = BUILT_PRODUCTS_DIR; };
		29B97316FDCFA39411CA2CEA /* main.m */ = {isa = PBXFileReference; fileEncoding = 4; lastKnownFileType = sourcecode.c.objc; path = main.m; sourceTree = "<group>"; };
		32CA4F630368D1EE00C91783 /* TestShinyCocos_Prefix.pch */ = {isa = PBXFileReference; fileEncoding = 4; lastKnownFileType = sourcecode.c.h; path = TestShinyCocos_Prefix.pch; sourceTree = "<group>"; };
		79A047EE14F58575002D602D /* libz.1.2.5.dylib */ = {isa = PBXFileReference; lastKnownFileType = "compiled.mach-o.dylib"; name = libz.1.2.5.dylib; path = usr/lib/libz.1.2.5.dylib; sourceTree = SDKROOT; };
		8D1107310486CEB800E47090 /* Info.plist */ = {isa = PBXFileReference; fileEncoding = 4; lastKnownFileType = text.plist.xml; path = Info.plist; sourceTree = "<group>"; };
		A9066C8E0FBB18830020ABC5 /* CoreGraphics.framework */ = {isa = PBXFileReference; lastKnownFileType = wrapper.framework; name = CoreGraphics.framework; path = System/Library/Frameworks/CoreGraphics.framework; sourceTree = SDKROOT; };
		A9066C8F0FBB18830020ABC5 /* Foundation.framework */ = {isa = PBXFileReference; lastKnownFileType = wrapper.framework; name = Foundation.framework; path = System/Library/Frameworks/Foundation.framework; sourceTree = SDKROOT; };
		A9066C900FBB18830020ABC5 /* OpenGLES.framework */ = {isa = PBXFileReference; lastKnownFileType = wrapper.framework; name = OpenGLES.framework; path = System/Library/Frameworks/OpenGLES.framework; sourceTree = SDKROOT; };
		A9066C910FBB18830020ABC5 /* QuartzCore.framework */ = {isa = PBXFileReference; lastKnownFileType = wrapper.framework; name = QuartzCore.framework; path = System/Library/Frameworks/QuartzCore.framework; sourceTree = SDKROOT; };
		A9066C920FBB18830020ABC5 /* UIKit.framework */ = {isa = PBXFileReference; lastKnownFileType = wrapper.framework; name = UIKit.framework; path = System/Library/Frameworks/UIKit.framework; sourceTree = SDKROOT; };
		A9066D210FBB55610020ABC5 /* lib */ = {isa = PBXFileReference; lastKnownFileType = folder; path = lib; sourceTree = "<group>"; };
		A90689CD10069CA600CB0B28 /* AVFoundation.framework */ = {isa = PBXFileReference; lastKnownFileType = wrapper.framework; name = AVFoundation.framework; path = System/Library/Frameworks/AVFoundation.framework; sourceTree = SDKROOT; };
		A93610430FE8022500BD9029 /* black_box.png */ = {isa = PBXFileReference; lastKnownFileType = image.png; name = black_box.png; path = Resources/Images/black_box.png; sourceTree = "<group>"; };
		A93610440FE8022500BD9029 /* brown_box.png */ = {isa = PBXFileReference; lastKnownFileType = image.png; name = brown_box.png; path = Resources/Images/brown_box.png; sourceTree = "<group>"; };
		A93610450FE8022500BD9029 /* wheel.png */ = {isa = PBXFileReference; lastKnownFileType = image.png; name = wheel.png; path = Resources/Images/wheel.png; sourceTree = "<group>"; };
		A93611B10FE96A5B00BD9029 /* tube.png */ = {isa = PBXFileReference; lastKnownFileType = image.png; name = tube.png; path = Resources/Images/tube.png; sourceTree = "<group>"; };
		A93D7E9B0FBE0BF300731024 /* vendor */ = {isa = PBXFileReference; lastKnownFileType = folder; path = vendor; sourceTree = "<group>"; };
		A93E59AA1038E509005FAD9B /* SystemConfiguration.framework */ = {isa = PBXFileReference; lastKnownFileType = wrapper.framework; name = SystemConfiguration.framework; path = System/Library/Frameworks/SystemConfiguration.framework; sourceTree = SDKROOT; };
		A97006340FCA058A00E1BE12 /* libz.1.2.3.dylib */ = {isa = PBXFileReference; lastKnownFileType = "compiled.mach-o.dylib"; name = libz.1.2.3.dylib; path = usr/lib/libz.1.2.3.dylib; sourceTree = SDKROOT; };
		A98CD4A50FB4BBA90017E521 /* AccelerometerSimulation.h */ = {isa = PBXFileReference; fileEncoding = 4; lastKnownFileType = sourcecode.c.h; path = AccelerometerSimulation.h; sourceTree = "<group>"; };
		A98CD4A60FB4BBA90017E521 /* AccelerometerSimulation.m */ = {isa = PBXFileReference; fileEncoding = 4; lastKnownFileType = sourcecode.c.objc; path = AccelerometerSimulation.m; sourceTree = "<group>"; };
		A9A056990F9E9AAD00C85842 /* ShinyCocos.xcodeproj */ = {isa = PBXFileReference; lastKnownFileType = "wrapper.pb-project"; name = ShinyCocos.xcodeproj; path = ../ShinyCocos.xcodeproj; sourceTree = SOURCE_ROOT; };
		A9C0363C0FCCAC5A00D447B4 /* simple_map.tmx */ = {isa = PBXFileReference; fileEncoding = 4; lastKnownFileType = text.xml; name = simple_map.tmx; path = Resources/simple_map.tmx; sourceTree = "<group>"; };
		A9C0363D0FCCAC5A00D447B4 /* TestTiled.tmx */ = {isa = PBXFileReference; fileEncoding = 4; lastKnownFileType = text.xml; name = TestTiled.tmx; path = Resources/TestTiled.tmx; sourceTree = "<group>"; };
		A9C036400FCCAC6C00D447B4 /* b1.png */ = {isa = PBXFileReference; lastKnownFileType = image.png; name = b1.png; path = Resources/Images/b1.png; sourceTree = "<group>"; };
		A9C036410FCCAC6C00D447B4 /* b2.png */ = {isa = PBXFileReference; lastKnownFileType = image.png; name = b2.png; path = Resources/Images/b2.png; sourceTree = "<group>"; };
		A9C036420FCCAC6C00D447B4 /* f1.png */ = {isa = PBXFileReference; lastKnownFileType = image.png; name = f1.png; path = Resources/Images/f1.png; sourceTree = "<group>"; };
		A9C036430FCCAC6C00D447B4 /* f2.png */ = {isa = PBXFileReference; lastKnownFileType = image.png; name = f2.png; path = Resources/Images/f2.png; sourceTree = "<group>"; };
		A9C036440FCCAC6C00D447B4 /* fps_images.png */ = {isa = PBXFileReference; lastKnownFileType = image.png; name = fps_images.png; path = Resources/Images/fps_images.png; sourceTree = "<group>"; };
		A9C036450FCCAC6C00D447B4 /* grossini_dance_atlas.pvr */ = {isa = PBXFileReference; lastKnownFileType = file; name = grossini_dance_atlas.pvr; path = Resources/Images/grossini_dance_atlas.pvr; sourceTree = "<group>"; };
		A9C036460FCCAC6C00D447B4 /* Physics_Layer_16x16.png */ = {isa = PBXFileReference; lastKnownFileType = image.png; name = Physics_Layer_16x16.png; path = Resources/Images/Physics_Layer_16x16.png; sourceTree = "<group>"; };
		A9C036470FCCAC6C00D447B4 /* r1.png */ = {isa = PBXFileReference; lastKnownFileType = image.png; name = r1.png; path = Resources/Images/r1.png; sourceTree = "<group>"; };
		A9C036480FCCAC6C00D447B4 /* r2.png */ = {isa = PBXFileReference; lastKnownFileType = image.png; name = r2.png; path = Resources/Images/r2.png; sourceTree = "<group>"; };
		A9C0364A0FCCAC6C00D447B4 /* tiles.png */ = {isa = PBXFileReference; lastKnownFileType = image.png; name = tiles.png; path = Resources/Images/tiles.png; sourceTree = "<group>"; };
		A9C037260FCCBBDA00D447B4 /* ball.png */ = {isa = PBXFileReference; lastKnownFileType = image.png; name = ball.png; path = Resources/Images/ball.png; sourceTree = "<group>"; };
		A9E53E950F9F6BB9001DC55F /* Entitlements.plist */ = {isa = PBXFileReference; fileEncoding = 4; lastKnownFileType = text.plist.xml; path = Entitlements.plist; sourceTree = "<group>"; };
/* End PBXFileReference section */

/* Begin PBXFrameworksBuildPhase section */
		1D60588F0D05DD3D006BFB54 /* Frameworks */ = {
			isa = PBXFrameworksBuildPhase;
			buildActionMask = 2147483647;
			files = (
				79A047F014F58582002D602D /* libShinyCocos.a in Frameworks */,
				79A047EF14F58575002D602D /* libz.1.2.5.dylib in Frameworks */,
				A9066C930FBB18830020ABC5 /* CoreGraphics.framework in Frameworks */,
				A9066C940FBB18830020ABC5 /* Foundation.framework in Frameworks */,
				A9066C950FBB18830020ABC5 /* OpenGLES.framework in Frameworks */,
				A9066C960FBB18830020ABC5 /* QuartzCore.framework in Frameworks */,
				A9066C970FBB18830020ABC5 /* UIKit.framework in Frameworks */,
				A90689CE10069CA600CB0B28 /* AVFoundation.framework in Frameworks */,
				A93E59AB1038E509005FAD9B /* SystemConfiguration.framework in Frameworks */,
			);
			runOnlyForDeploymentPostprocessing = 0;
		};
/* End PBXFrameworksBuildPhase section */

/* Begin PBXGroup section */
		080E96DDFE201D6D7F000001 /* Classes */ = {
			isa = PBXGroup;
			children = (
				1D3623240D0F684500981E51 /* TestShinyCocosAppDelegate.h */,
				1D3623250D0F684500981E51 /* TestShinyCocosAppDelegate.m */,
			);
			path = Classes;
			sourceTree = "<group>";
		};
		19C28FACFE9D520D11CA2CBB /* Products */ = {
			isa = PBXGroup;
			children = (
				1D6058910D05DD3D006BFB54 /* TestShinyCocos.app */,
			);
			name = Products;
			sourceTree = "<group>";
		};
		29B97314FDCFA39411CA2CEA /* CustomTemplate */ = {
			isa = PBXGroup;
			children = (
				79A047EE14F58575002D602D /* libz.1.2.5.dylib */,
				A9A056990F9E9AAD00C85842 /* ShinyCocos.xcodeproj */,
				A98CD4A80FB4BBAE0017E521 /* AccSim */,
				080E96DDFE201D6D7F000001 /* Classes */,
				29B97315FDCFA39411CA2CEA /* Other Sources */,
				29B97317FDCFA39411CA2CEA /* Resources */,
				29B97323FDCFA39411CA2CEA /* Frameworks */,
				19C28FACFE9D520D11CA2CBB /* Products */,
			);
			name = CustomTemplate;
			sourceTree = "<group>";
		};
		29B97315FDCFA39411CA2CEA /* Other Sources */ = {
			isa = PBXGroup;
			children = (
				32CA4F630368D1EE00C91783 /* TestShinyCocos_Prefix.pch */,
				29B97316FDCFA39411CA2CEA /* main.m */,
			);
			name = "Other Sources";
			sourceTree = "<group>";
		};
		29B97317FDCFA39411CA2CEA /* Resources */ = {
			isa = PBXGroup;
			children = (
				A93328070FC1DFCC00843F58 /* Images */,
				A9066D210FBB55610020ABC5 /* lib */,
				A93D7E9B0FBE0BF300731024 /* vendor */,
				A9C0363C0FCCAC5A00D447B4 /* simple_map.tmx */,
				A9C0363D0FCCAC5A00D447B4 /* TestTiled.tmx */,
				8D1107310486CEB800E47090 /* Info.plist */,
				A9E53E950F9F6BB9001DC55F /* Entitlements.plist */,
			);
			name = Resources;
			sourceTree = "<group>";
		};
		29B97323FDCFA39411CA2CEA /* Frameworks */ = {
			isa = PBXGroup;
			children = (
				A97006340FCA058A00E1BE12 /* libz.1.2.3.dylib */,
				A93E59AA1038E509005FAD9B /* SystemConfiguration.framework */,
				A90689CD10069CA600CB0B28 /* AVFoundation.framework */,
				A9066C8F0FBB18830020ABC5 /* Foundation.framework */,
				A9066C8E0FBB18830020ABC5 /* CoreGraphics.framework */,
				A9066C900FBB18830020ABC5 /* OpenGLES.framework */,
				A9066C910FBB18830020ABC5 /* QuartzCore.framework */,
				A9066C920FBB18830020ABC5 /* UIKit.framework */,
			);
			name = Frameworks;
			sourceTree = "<group>";
		};
		A93328070FC1DFCC00843F58 /* Images */ = {
			isa = PBXGroup;
			children = (
				A93611B10FE96A5B00BD9029 /* tube.png */,
				A93610430FE8022500BD9029 /* black_box.png */,
				A93610440FE8022500BD9029 /* brown_box.png */,
				A93610450FE8022500BD9029 /* wheel.png */,
				A9C037260FCCBBDA00D447B4 /* ball.png */,
				A9C036400FCCAC6C00D447B4 /* b1.png */,
				A9C036410FCCAC6C00D447B4 /* b2.png */,
				A9C036420FCCAC6C00D447B4 /* f1.png */,
				A9C036430FCCAC6C00D447B4 /* f2.png */,
				A9C036440FCCAC6C00D447B4 /* fps_images.png */,
				A9C036450FCCAC6C00D447B4 /* grossini_dance_atlas.pvr */,
				A9C036460FCCAC6C00D447B4 /* Physics_Layer_16x16.png */,
				A9C036470FCCAC6C00D447B4 /* r1.png */,
				A9C036480FCCAC6C00D447B4 /* r2.png */,
				A9C0364A0FCCAC6C00D447B4 /* tiles.png */,
			);
			name = Images;
			sourceTree = "<group>";
		};
		A98CD4A80FB4BBAE0017E521 /* AccSim */ = {
			isa = PBXGroup;
			children = (
				A98CD4A50FB4BBA90017E521 /* AccelerometerSimulation.h */,
				A98CD4A60FB4BBA90017E521 /* AccelerometerSimulation.m */,
			);
			name = AccSim;
			sourceTree = "<group>";
		};
		A9A0569A0F9E9AAD00C85842 /* Products */ = {
			isa = PBXGroup;
			children = (
				A9A056A10F9E9AAD00C85842 /* libShinyCocos.a */,
			);
			name = Products;
			sourceTree = "<group>";
		};
/* End PBXGroup section */

/* Begin PBXNativeTarget section */
		1D6058900D05DD3D006BFB54 /* TestShinyCocos */ = {
			isa = PBXNativeTarget;
			buildConfigurationList = 1D6058960D05DD3E006BFB54 /* Build configuration list for PBXNativeTarget "TestShinyCocos" */;
			buildPhases = (
				A93327F70FC1DF7100843F58 /* ShellScript */,
				1D60588D0D05DD3D006BFB54 /* Resources */,
				1D60588E0D05DD3D006BFB54 /* Sources */,
				1D60588F0D05DD3D006BFB54 /* Frameworks */,
			);
			buildRules = (
			);
			dependencies = (
				A9A057330F9E9B3700C85842 /* PBXTargetDependency */,
			);
			name = TestShinyCocos;
			productName = TestShinyCocos;
			productReference = 1D6058910D05DD3D006BFB54 /* TestShinyCocos.app */;
			productType = "com.apple.product-type.application";
		};
/* End PBXNativeTarget section */

/* Begin PBXProject section */
		29B97313FDCFA39411CA2CEA /* Project object */ = {
			isa = PBXProject;
			attributes = {
				LastUpgradeCheck = 0420;
			};
			buildConfigurationList = C01FCF4E08A954540054247B /* Build configuration list for PBXProject "TestShinyCocos" */;
			compatibilityVersion = "Xcode 3.2";
			developmentRegion = English;
			hasScannedForEncodings = 1;
			knownRegions = (
				en,
			);
			mainGroup = 29B97314FDCFA39411CA2CEA /* CustomTemplate */;
			projectDirPath = "";
			projectReferences = (
				{
					ProductGroup = A9A0569A0F9E9AAD00C85842 /* Products */;
					ProjectRef = A9A056990F9E9AAD00C85842 /* ShinyCocos.xcodeproj */;
				},
			);
			projectRoot = "";
			targets = (
				1D6058900D05DD3D006BFB54 /* TestShinyCocos */,
			);
		};
/* End PBXProject section */

/* Begin PBXReferenceProxy section */
		A9A056A10F9E9AAD00C85842 /* libShinyCocos.a */ = {
			isa = PBXReferenceProxy;
			fileType = archive.ar;
			path = libShinyCocos.a;
			remoteRef = A9A056A00F9E9AAD00C85842 /* PBXContainerItemProxy */;
			sourceTree = BUILT_PRODUCTS_DIR;
		};
/* End PBXReferenceProxy section */

/* Begin PBXResourcesBuildPhase section */
		1D60588D0D05DD3D006BFB54 /* Resources */ = {
			isa = PBXResourcesBuildPhase;
			buildActionMask = 2147483647;
			files = (
				A9E53E960F9F6BB9001DC55F /* Entitlements.plist in Resources */,
				A9066D910FBB55610020ABC5 /* lib in Resources */,
				A93D7EA10FBE0BF300731024 /* vendor in Resources */,
				A9C0363E0FCCAC5A00D447B4 /* simple_map.tmx in Resources */,
				A9C0363F0FCCAC5A00D447B4 /* TestTiled.tmx in Resources */,
				A9C0364B0FCCAC6C00D447B4 /* b1.png in Resources */,
				A9C0364C0FCCAC6C00D447B4 /* b2.png in Resources */,
				A9C0364D0FCCAC6C00D447B4 /* f1.png in Resources */,
				A9C0364E0FCCAC6C00D447B4 /* f2.png in Resources */,
				A9C0364F0FCCAC6C00D447B4 /* fps_images.png in Resources */,
				A9C036500FCCAC6C00D447B4 /* grossini_dance_atlas.pvr in Resources */,
				A9C036510FCCAC6C00D447B4 /* Physics_Layer_16x16.png in Resources */,
				A9C036520FCCAC6C00D447B4 /* r1.png in Resources */,
				A9C036530FCCAC6C00D447B4 /* r2.png in Resources */,
				A9C036550FCCAC6C00D447B4 /* tiles.png in Resources */,
				A9C037270FCCBBDA00D447B4 /* ball.png in Resources */,
				A93610460FE8022500BD9029 /* black_box.png in Resources */,
				A93610470FE8022500BD9029 /* brown_box.png in Resources */,
				A93610480FE8022500BD9029 /* wheel.png in Resources */,
				A93611B20FE96A5B00BD9029 /* tube.png in Resources */,
			);
			runOnlyForDeploymentPostprocessing = 0;
		};
/* End PBXResourcesBuildPhase section */

/* Begin PBXShellScriptBuildPhase section */
		A93327F70FC1DF7100843F58 /* ShellScript */ = {
			isa = PBXShellScriptBuildPhase;
			buildActionMask = 2147483647;
			files = (
			);
			inputPaths = (
			);
			outputPaths = (
			);
			runOnlyForDeploymentPostprocessing = 0;
			shellPath = /bin/sh;
			shellScript = "touch -cm ${SRCROOT}/vendor\ntouch -cm ${SRCROOT}/lib\n# syntax check\nfor i in ${SRCROOT}/vendor/*.rb; do\n  ruby -c $i\ndone";
		};
/* End PBXShellScriptBuildPhase section */

/* Begin PBXSourcesBuildPhase section */
		1D60588E0D05DD3D006BFB54 /* Sources */ = {
			isa = PBXSourcesBuildPhase;
			buildActionMask = 2147483647;
			files = (
				1D60589B0D05DD56006BFB54 /* main.m in Sources */,
				1D3623260D0F684500981E51 /* TestShinyCocosAppDelegate.m in Sources */,
				A98CD4A70FB4BBA90017E521 /* AccelerometerSimulation.m in Sources */,
			);
			runOnlyForDeploymentPostprocessing = 0;
		};
/* End PBXSourcesBuildPhase section */

/* Begin PBXTargetDependency section */
		A9A057330F9E9B3700C85842 /* PBXTargetDependency */ = {
			isa = PBXTargetDependency;
			name = ShinyCocos;
			targetProxy = A9A057320F9E9B3700C85842 /* PBXContainerItemProxy */;
		};
/* End PBXTargetDependency section */

/* Begin XCBuildConfiguration section */
		1D6058940D05DD3E006BFB54 /* Debug */ = {
			isa = XCBuildConfiguration;
			buildSettings = {
				ALWAYS_SEARCH_USER_PATHS = NO;
				COPY_PHASE_STRIP = NO;
				GCC_DYNAMIC_NO_PIC = NO;
				GCC_OPTIMIZATION_LEVEL = 0;
				GCC_PRECOMPILE_PREFIX_HEADER = YES;
				GCC_PREFIX_HEADER = TestShinyCocos_Prefix.pch;
				HEADER_SEARCH_PATHS = (
					../Integration,
					"../cocos2d-iphone/cocos2d/**",
				);
				INFOPLIST_FILE = Info.plist;
				LIBRARY_SEARCH_PATHS = "$(inherited)";
				PRODUCT_NAME = TestShinyCocos;
				SDKROOT = iphoneos;
			};
			name = Debug;
		};
		1D6058950D05DD3E006BFB54 /* Release */ = {
			isa = XCBuildConfiguration;
			buildSettings = {
				ALWAYS_SEARCH_USER_PATHS = NO;
				COPY_PHASE_STRIP = YES;
				GCC_PRECOMPILE_PREFIX_HEADER = YES;
				GCC_PREFIX_HEADER = TestShinyCocos_Prefix.pch;
				HEADER_SEARCH_PATHS = (
					../Integration,
					"../cocos2d-iphone/cocos2d/**",
				);
				INFOPLIST_FILE = Info.plist;
				LIBRARY_SEARCH_PATHS = "$(inherited)";
				PRODUCT_NAME = TestShinyCocos;
				SDKROOT = iphoneos;
			};
			name = Release;
		};
		A936122A0FE9847000BD9029 /* Distribution */ = {
			isa = XCBuildConfiguration;
			buildSettings = {
				ARCHS = "$(ARCHS_STANDARD_32_BIT)";
				CODE_SIGN_ENTITLEMENTS = Entitlements.plist;
				"CODE_SIGN_IDENTITY[sdk=iphoneos*]" = "iPhone Distribution: Scio Desarrollos Ltda.";
				GCC_C_LANGUAGE_STANDARD = c99;
				GCC_WARN_ABOUT_RETURN_TYPE = YES;
				GCC_WARN_UNUSED_VARIABLE = YES;
				"PROVISIONING_PROFILE[sdk=iphoneos*]" = "E12060C9-6C23-48ED-85A1-3F8D85CB0D36";
				SDKROOT = iphoneos;
			};
			name = Distribution;
		};
		A936122B0FE9847000BD9029 /* Distribution */ = {
			isa = XCBuildConfiguration;
			buildSettings = {
				ALWAYS_SEARCH_USER_PATHS = NO;
				"CODE_SIGN_IDENTITY[sdk=iphoneos*]" = "iPhone Distribution";
				COPY_PHASE_STRIP = YES;
				GCC_PRECOMPILE_PREFIX_HEADER = YES;
				GCC_PREFIX_HEADER = TestShinyCocos_Prefix.pch;
				HEADER_SEARCH_PATHS = (
					../Integration,
					"../cocos2d-iphone/cocos2d/**",
				);
				INFOPLIST_FILE = Info.plist;
				LIBRARY_SEARCH_PATHS = "$(inherited)";
				PRODUCT_NAME = TestShinyCocos;
				"PROVISIONING_PROFILE[sdk=iphoneos*]" = "";
				SDKROOT = iphoneos;
			};
			name = Distribution;
		};
		C01FCF4F08A954540054247B /* Debug */ = {
			isa = XCBuildConfiguration;
			buildSettings = {
				ARCHS = "$(ARCHS_STANDARD_32_BIT)";
				CODE_SIGN_ENTITLEMENTS = Entitlements.plist;
				"CODE_SIGN_IDENTITY[sdk=iphoneos*]" = "iPhone Distribution: Scio Desarrollos Ltda.";
				GCC_C_LANGUAGE_STANDARD = c99;
				GCC_WARN_ABOUT_RETURN_TYPE = YES;
				GCC_WARN_UNUSED_VARIABLE = YES;
				ONLY_ACTIVE_ARCH = YES;
				"PROVISIONING_PROFILE[sdk=iphoneos*]" = "E12060C9-6C23-48ED-85A1-3F8D85CB0D36";
				SDKROOT = iphoneos;
			};
			name = Debug;
		};
		C01FCF5008A954540054247B /* Release */ = {
			isa = XCBuildConfiguration;
			buildSettings = {
				ARCHS = "$(ARCHS_STANDARD_32_BIT)";
				CODE_SIGN_ENTITLEMENTS = Entitlements.plist;
				"CODE_SIGN_IDENTITY[sdk=iphoneos*]" = "iPhone Distribution: Scio Desarrollos Ltda.";
				GCC_C_LANGUAGE_STANDARD = c99;
				GCC_WARN_ABOUT_RETURN_TYPE = YES;
				GCC_WARN_UNUSED_VARIABLE = YES;
				"PROVISIONING_PROFILE[sdk=iphoneos*]" = "E12060C9-6C23-48ED-85A1-3F8D85CB0D36";
				SDKROOT = iphoneos;
			};
			name = Release;
		};
/* End XCBuildConfiguration section */

/* Begin XCConfigurationList section */
		1D6058960D05DD3E006BFB54 /* Build configuration list for PBXNativeTarget "TestShinyCocos" */ = {
			isa = XCConfigurationList;
			buildConfigurations = (
				1D6058940D05DD3E006BFB54 /* Debug */,
				1D6058950D05DD3E006BFB54 /* Release */,
				A936122B0FE9847000BD9029 /* Distribution */,
			);
			defaultConfigurationIsVisible = 0;
			defaultConfigurationName = Release;
		};
		C01FCF4E08A954540054247B /* Build configuration list for PBXProject "TestShinyCocos" */ = {
			isa = XCConfigurationList;
			buildConfigurations = (
				C01FCF4F08A954540054247B /* Debug */,
				C01FCF5008A954540054247B /* Release */,
				A936122A0FE9847000BD9029 /* Distribution */,
			);
			defaultConfigurationIsVisible = 0;
			defaultConfigurationName = Release;
		};
/* End XCConfigurationList section */
	};
	rootObject = 29B97313FDCFA39411CA2CEA /* Project object */;
}
